
Microsoft Visual Studio Solution File, Format Version 12.00
# Visual Studio 15
VisualStudioVersion = 15.0.27130.2027
MinimumVisualStudioVersion = 10.0.40219.1
Project("{FAE04EC0-301F-11D3-BF4B-00C04F79EFBC}") = "App.Host", "App.Host\App.Host\App.Host.csproj", "{F05524D0-7306-48CD-A11A-4965EE64EC43}"
EndProject
Project("{FAE04EC0-301F-11D3-BF4B-00C04F79EFBC}") = "App.Core.Shared", "App.Core\App.Core.Shared\App.Core.Shared.csproj", "{74AA77D2-5A81-490B-A160-C058B375524A}"
EndProject
Project("{FAE04EC0-301F-11D3-BF4B-00C04F79EFBC}") = "App.Core.Infrastructure", "App.Core\App.Core.Infrastructure\App.Core.Infrastructure.csproj", "{B503FF64-E103-4AC1-8039-5012570C8770}"
EndProject
Project("{FAE04EC0-301F-11D3-BF4B-00C04F79EFBC}") = "App.Core.Domain", "App.Core\App.Core.Domain\App.Core.Domain.csproj", "{3CE1773D-8767-45F8-BF1E-308759180347}"
EndProject
Project("{FAE04EC0-301F-11D3-BF4B-00C04F79EFBC}") = "App.Core.Shared.Tests", "App.Core\App.Core.Shared.Tests\App.Core.Shared.Tests.csproj", "{5D0B1DDD-E152-468C-AA79-3F8EF345179B}"
EndProject
Project("{FAE04EC0-301F-11D3-BF4B-00C04F79EFBC}") = "App.Core.Infrastructure.Tests", "App.Core\App.Core.Infrastructure.Tests\App.Core.Infrastructure.Tests.csproj", "{232F5C12-6B0C-4F2F-A313-9D24469540CF}"
EndProject
Project("{FAE04EC0-301F-11D3-BF4B-00C04F79EFBC}") = "App.Core.Domain.Tests", "App.Core\App.Core.Domain.Tests\App.Core.Domain.Tests.csproj", "{99318FCE-7F4E-4C90-9611-DB4B93168D8D}"
EndProject
Project("{2150E333-8FDC-42A3-9474-1A3956D46DE8}") = "README", "README", "{8A4F3C88-EDBB-46C4-A52B-B11A603A1F1A}"
	ProjectSection(SolutionItems) = preProject
		_Readme\readme.apis.md = _Readme\readme.apis.md
		_Readme\readme.blank.ADDING ANEW MODULE.md = _Readme\readme.blank.ADDING ANEW MODULE.md
		_Readme\readme.blank.md = _Readme\readme.blank.md
		_Readme\readme.blank.storage.md = _Readme\readme.blank.storage.md
		_Readme\readme.blank.tenancies subscriptions and accounts.md = _Readme\readme.blank.tenancies subscriptions and accounts.md
		_Readme\readme.conventions.md = _Readme\readme.conventions.md
		Readme\readme.objectives.md = Readme\readme.objectives.md
		Readme\readme.security.md = Readme\readme.security.md
		Readme\readme.settings.md = Readme\readme.settings.md
		Readme\readme.setup.azure.md = Readme\readme.setup.azure.md
		Readme\readme.setup.md = Readme\readme.setup.md
		Readme\readme.setup.msi.md = Readme\readme.setup.msi.md
		Readme\readme.setup.oidc.md = Readme\readme.setup.oidc.md
		_Readme\readme.ui.md = _Readme\readme.ui.md
		Readme\readme.versioning.md = Readme\readme.versioning.md
		readme_odata.md = readme_odata.md
	EndProjectSection
EndProject
Project("{FAE04EC0-301F-11D3-BF4B-00C04F79EFBC}") = "App.Core.Infrastructure.IDA", "App.Core\App.Core.Infrastructure.OIDC\App.Core.Infrastructure.IDA.csproj", "{1F881B79-5EE4-42AA-8143-E2BF3BFDF4D9}"
EndProject
Project("{2150E333-8FDC-42A3-9474-1A3956D46DE8}") = "Module00.Core", "Module00.Core", "{BF5BE208-7B53-484F-857B-F8F17289D5C8}"
EndProject
Project("{FAE04EC0-301F-11D3-BF4B-00C04F79EFBC}") = "App.Core.Infrastructure.IDA.Tests", "App.Core\App.Core.Infrastructure.OIDC.Tests\App.Core.Infrastructure.IDA.Tests.csproj", "{02248FC2-E362-4178-8946-AFD83DEA0F8F}"
EndProject
Project("{2150E333-8FDC-42A3-9474-1A3956D46DE8}") = "Module01.Template", "Module01.Template", "{0C0BF0F2-EEB7-4084-BF90-1CC74A228AEF}"
EndProject
Project("{2150E333-8FDC-42A3-9474-1A3956D46DE8}") = "Module11.CMS", "Module11.CMS", "{A8AB3729-DD3E-40CB-83A2-16F809286B04}"
EndProject
Project("{FAE04EC0-301F-11D3-BF4B-00C04F79EFBC}") = "App.Module01.Shared", "App.Module01\App.Module01.Shared\App.Module01.Shared.csproj", "{B760143D-99A6-41D6-B526-337AB1F5929C}"
EndProject
Project("{FAE04EC0-301F-11D3-BF4B-00C04F79EFBC}") = "App.Module01.Infrastructure", "App.Module01\App.Module01.Infrastructure\App.Module01.Infrastructure.csproj", "{B9B39C48-CE7D-4E61-9C71-3A4428375EA5}"
EndProject
Project("{FAE04EC0-301F-11D3-BF4B-00C04F79EFBC}") = "App.Module01.Domain", "App.Module01\App.Module01.Domain\App.Module01.Domain.csproj", "{59934E30-B6A4-40AF-82BE-C91954B19D16}"
EndProject
Project("{FAE04EC0-301F-11D3-BF4B-00C04F79EFBC}") = "App.Module01.Application", "App.Module01\App.Module01.Application\App.Module01.Application.csproj", "{EC294F27-5722-4728-B122-B02B3D732DCC}"
EndProject
Project("{FAE04EC0-301F-11D3-BF4B-00C04F79EFBC}") = "App.Module11.Shared", "App.Module11\App.Module11.Shared\App.Module11.Shared.csproj", "{64D8AA54-ECE4-4D25-94C7-7AB145E3DA39}"
EndProject
Project("{FAE04EC0-301F-11D3-BF4B-00C04F79EFBC}") = "App.Module11.Domain", "App.Module11\App.Module11.Domain\App.Module11.Domain.csproj", "{F6A6D1F0-2252-4F9E-A6DF-98CCA73E5466}"
EndProject
Project("{FAE04EC0-301F-11D3-BF4B-00C04F79EFBC}") = "App.Module11.Infrastructure", "App.Module11\App.Module11.Infrastructure\App.Module11.Infrastructure.csproj", "{488387C5-F33C-4999-819E-969427B8500C}"
EndProject
Project("{FAE04EC0-301F-11D3-BF4B-00C04F79EFBC}") = "App.Module11.Application", "App.Module11\App.Module11.Application\App.Module11.Application.csproj", "{40CFC658-32D6-469D-AE0B-95A605958122}"
EndProject
Project("{2150E333-8FDC-42A3-9474-1A3956D46DE8}") = "Module31.SchoolsRoll", "Module31.SchoolsRoll", "{B3B8DBD3-32A9-4791-8D1C-3FAFBF62A872}"
EndProject
Project("{FAE04EC0-301F-11D3-BF4B-00C04F79EFBC}") = "App.Module31.Shared", "App.Module31\App.Module31.Shared\App.Module31.Shared.csproj", "{5136CC88-5043-46E7-946A-92337F74C450}"
EndProject
Project("{FAE04EC0-301F-11D3-BF4B-00C04F79EFBC}") = "App.Module31.Infrastructure", "App.Module31\App.Module31.Infrastructure\App.Module31.Infrastructure.csproj", "{1493FB3E-966F-45D4-BD23-1537DE7E2114}"
EndProject
Project("{FAE04EC0-301F-11D3-BF4B-00C04F79EFBC}") = "App.Module31.Domain", "App.Module31\App.Module31.Domain\App.Module31.Domain.csproj", "{D6BF0E86-323E-45A9-8EDD-C37A13FC580B}"
EndProject
Project("{FAE04EC0-301F-11D3-BF4B-00C04F79EFBC}") = "App.Module31.Application", "App.Module31\App.Module31.Application\App.Module31.Application.csproj", "{6A3908F9-1883-480B-A358-450BB65DDB95}"
EndProject
Project("{2150E333-8FDC-42A3-9474-1A3956D46DE8}") = "_Blanks", "_Blanks", "{EF96B243-C7AF-4471-88CE-3B1137076005}"
	ProjectSection(SolutionItems) = preProject
		_Readme\readme.blank - Copy (14).md = _Readme\readme.blank - Copy (14).md
		_Readme\readme.blank - Copy (15).md = _Readme\readme.blank - Copy (15).md
		_Readme\readme.blank - Copy (16).md = _Readme\readme.blank - Copy (16).md
		_Readme\readme.blank - Copy (17).md = _Readme\readme.blank - Copy (17).md
		_Readme\readme.blank - Copy (18).md = _Readme\readme.blank - Copy (18).md
		_Readme\readme.blank - Copy (19).md = _Readme\readme.blank - Copy (19).md
		_Readme\readme.blank - Copy (20).md = _Readme\readme.blank - Copy (20).md
		_Readme\readme.blank - Copy.md = _Readme\readme.blank - Copy.md
	EndProjectSection
EndProject
Project("{2150E333-8FDC-42A3-9474-1A3956D46DE8}") = "Host", "Host", "{8A1210CD-A098-44FA-9B2F-95537024E421}"
EndProject
Project("{FAE04EC0-301F-11D3-BF4B-00C04F79EFBC}") = "App.Core.Application", "App.Core\App.Core.Application\App.Core.Application.csproj", "{F1B0EF43-BCBF-4C91-93AD-D13E8BB8D77D}"
EndProject
Project("{FAE04EC0-301F-11D3-BF4B-00C04F79EFBC}") = "App.Core.Application.Tests", "App.Core\App.Core.Application.Tests\App.Core.Application.Tests.csproj", "{12E60B34-8268-46A5-AEFC-B55D57494AAF}"
EndProject
Project("{2150E333-8FDC-42A3-9474-1A3956D46DE8}") = "APIs", "APIs", "{51422C55-D244-487C-B3C1-B7B5BAAEFEE2}"
EndProject
Project("{2150E333-8FDC-42A3-9474-1A3956D46DE8}") = "DBs", "DBs", "{DC84FDAE-75F4-4F28-B5CD-506F981A9829}"
	ProjectSection(SolutionItems) = preProject
		Readme\readme.blank.EF Code first Relationships.md = Readme\readme.blank.EF Code first Relationships.md
		_Readme\readme.EF.many-to-many-(x)-(x)-both-ways.md = _Readme\readme.EF.many-to-many-(x)-(x)-both-ways.md
		_Readme\readme.EF.many-to-many-(x)-(x)-with-properties.md = _Readme\readme.EF.many-to-many-(x)-(x)-with-properties.md
		_Readme\readme.EF.many-to-many-(x)-(x).md = _Readme\readme.EF.many-to-many-(x)-(x).md
		_Readme\readme.EF.many-to-one-(x)-(0-1).md = _Readme\readme.EF.many-to-one-(x)-(0-1).md
		_Readme\readme.EF.many-to-one-(x)-(1-1).md = _Readme\readme.EF.many-to-one-(x)-(1-1).md
		_Readme\readme.EF.one-to-many-(1)-(0-x)-owned.md = _Readme\readme.EF.one-to-many-(1)-(0-x)-owned.md
		_Readme\readme.EF.one-to-many-(1)-(0-x)-recursive.md = _Readme\readme.EF.one-to-many-(1)-(0-x)-recursive.md
		_Readme\readme.EF.one-to-many-(1)-(1-x)-recursive.md = _Readme\readme.EF.one-to-many-(1)-(1-x)-recursive.md
		_Readme\readme.EF.one-to-many-to-many-to-one-(1)-(0-x)-(0-x)-(1).md = _Readme\readme.EF.one-to-many-to-many-to-one-(1)-(0-x)-(0-x)-(1).md
		_Readme\readme.EF.one-to-one-(1)-(0-1).md = _Readme\readme.EF.one-to-one-(1)-(0-1).md
		_Readme\readme.EF.one-to-one-(1)-(1-1).md = _Readme\readme.EF.one-to-one-(1)-(1-1).md
		_Readme\readme.EF.TODO.troubleshooting.many-to-many.md = _Readme\readme.EF.TODO.troubleshooting.many-to-many.md
		_Readme\readme.EF.TODO.troubleshooting.md = _Readme\readme.EF.TODO.troubleshooting.md
	EndProjectSection
EndProject
Project("{2150E333-8FDC-42A3-9474-1A3956D46DE8}") = "UI", "UI", "{F2B0D33B-00BD-4196-841B-C36741518AA4}"
EndProject
Project("{2150E333-8FDC-42A3-9474-1A3956D46DE8}") = "Identity", "Identity", "{63301A1B-FFC6-4DF7-9D6B-0CC5A5E0E035}"
	ProjectSection(SolutionItems) = preProject
		_Readme\readme.setup.msi.md = _Readme\readme.setup.msi.md
		_Readme\readme.setup.oidc.md = _Readme\readme.setup.oidc.md
	EndProjectSection
EndProject
Project("{2150E333-8FDC-42A3-9474-1A3956D46DE8}") = "Blueprints", "Blueprints", "{FC2376CD-76A5-4312-9017-9DD27B040E5C}"
	ProjectSection(SolutionItems) = preProject
		_Readme\readme.blank.tenancies subscriptions and accounts.md = _Readme\readme.blank.tenancies subscriptions and accounts.md
	EndProjectSection
EndProject
Project("{2150E333-8FDC-42A3-9474-1A3956D46DE8}") = "Module32.ATE", "Module32.ATE", "{EE52FBA1-DB51-44D2-88E0-2D9EA04412B8}"
EndProject
Project("{2150E333-8FDC-42A3-9474-1A3956D46DE8}") = "_GettingStarted", "_GettingStarted", "{158E0857-D6CF-445A-988A-9F549509664C}"
EndProject
Project("{2150E333-8FDC-42A3-9474-1A3956D46DE8}") = "Module07.Readings", "Module07.Readings", "{E58ED385-C499-42B4-86BD-1F8A3864D626}"
EndProject
Project("{2150E333-8FDC-42A3-9474-1A3956D46DE8}") = "Module22.Courses", "Module22.Courses", "{3DF6D0FD-434E-4712-8F3E-408855DFD956}"
EndProject
Project("{FAE04EC0-301F-11D3-BF4B-00C04F79EFBC}") = "App.Module22.Shared", "App.Module22\App.Module22.Shared\App.Module22.Shared.csproj", "{FE4C642B-7265-43D1-8B50-69F68B6DF62D}"
EndProject
Project("{FAE04EC0-301F-11D3-BF4B-00C04F79EFBC}") = "App.Module22.Domain", "App.Module22\App.Module22.Domain\App.Module22.Domain.csproj", "{7D2DB032-0310-4136-B300-6AB7C75DD652}"
EndProject
Project("{FAE04EC0-301F-11D3-BF4B-00C04F79EFBC}") = "App.Module22.Infrastructure", "App.Module22\App.Module22.Infrastructure\App.Module22.Infrastructure.csproj", "{4B7A3896-24FF-4CF6-BEF4-27F2EE80EB60}"
EndProject
Project("{FAE04EC0-301F-11D3-BF4B-00C04F79EFBC}") = "App.Module22.Application", "App.Module22\App.Module22.Application\App.Module22.Application.csproj", "{1B400796-8EAE-4F83-B2B7-A9D8FB301658}"
EndProject
Project("{2150E333-8FDC-42A3-9474-1A3956D46DE8}") = "Module02.Spikes", "Module02.Spikes", "{60B13CA4-2C3D-4881-BFD8-8672F41FDD87}"
EndProject
Project("{FAE04EC0-301F-11D3-BF4B-00C04F79EFBC}") = "App.Module02.Shared", "App.Module02\App.Module02.Shared\App.Module02.Shared.csproj", "{94106B2D-0450-48E9-90DC-5F5D566F6DF7}"
EndProject
Project("{FAE04EC0-301F-11D3-BF4B-00C04F79EFBC}") = "App.Module02.Domain", "App.Module02\App.Module02.Domain\App.Module02.Domain.csproj", "{1982B362-F178-4897-A99C-A8FA17C0CBF1}"
EndProject
Project("{FAE04EC0-301F-11D3-BF4B-00C04F79EFBC}") = "App.Module02.Infrastructure", "App.Module02\App.Module02.Infrastructure\App.Module02.Infrastructure.csproj", "{9C637CD4-9AE8-4845-916F-CF2927DE1C62}"
EndProject
Project("{FAE04EC0-301F-11D3-BF4B-00C04F79EFBC}") = "App.Module02.Application", "App.Module02\App.Module02.Application\App.Module02.Application.csproj", "{C60456AE-B049-46D0-9076-C50DFEC8CFD1}"
EndProject
Project("{FAE04EC0-301F-11D3-BF4B-00C04F79EFBC}") = "App.Module31.Ux.Tests", "App.Module31\App.Module31.Ux.Tests\App.Module31.Ux.Tests.csproj", "{5E86ED3D-16BF-4F75-B917-DC7070E9E211}"
EndProject
Project("{FAE04EC0-301F-11D3-BF4B-00C04F79EFBC}") = "App.Host.Ux.Tests", "App.Host\App.Host.Ux.Tests\App.Host.Ux.Tests.csproj", "{65CE9FE3-00D6-4E6C-8D3E-31E5EEC7C2B8}"
EndProject
Project("{2150E333-8FDC-42A3-9474-1A3956D46DE8}") = "Test", "Test", "{770E6538-1EBD-4CB5-A85C-491AEAD75138}"
	ProjectSection(SolutionItems) = preProject
		readme.TestNamingConventions.md = readme.TestNamingConventions.md
	EndProjectSection
EndProject
Global
	GlobalSection(SolutionConfigurationPlatforms) = preSolution
		Debug|Any CPU = Debug|Any CPU
		Release|Any CPU = Release|Any CPU
	EndGlobalSection
	GlobalSection(ProjectConfigurationPlatforms) = postSolution
		{F05524D0-7306-48CD-A11A-4965EE64EC43}.Debug|Any CPU.ActiveCfg = Debug|Any CPU
		{F05524D0-7306-48CD-A11A-4965EE64EC43}.Debug|Any CPU.Build.0 = Debug|Any CPU
		{F05524D0-7306-48CD-A11A-4965EE64EC43}.Release|Any CPU.ActiveCfg = Release|Any CPU
		{F05524D0-7306-48CD-A11A-4965EE64EC43}.Release|Any CPU.Build.0 = Release|Any CPU
		{74AA77D2-5A81-490B-A160-C058B375524A}.Debug|Any CPU.ActiveCfg = Debug|Any CPU
		{74AA77D2-5A81-490B-A160-C058B375524A}.Debug|Any CPU.Build.0 = Debug|Any CPU
		{74AA77D2-5A81-490B-A160-C058B375524A}.Release|Any CPU.ActiveCfg = Release|Any CPU
		{74AA77D2-5A81-490B-A160-C058B375524A}.Release|Any CPU.Build.0 = Release|Any CPU
		{B503FF64-E103-4AC1-8039-5012570C8770}.Debug|Any CPU.ActiveCfg = Debug|Any CPU
		{B503FF64-E103-4AC1-8039-5012570C8770}.Debug|Any CPU.Build.0 = Debug|Any CPU
		{B503FF64-E103-4AC1-8039-5012570C8770}.Release|Any CPU.ActiveCfg = Release|Any CPU
		{B503FF64-E103-4AC1-8039-5012570C8770}.Release|Any CPU.Build.0 = Release|Any CPU
		{3CE1773D-8767-45F8-BF1E-308759180347}.Debug|Any CPU.ActiveCfg = Debug|Any CPU
		{3CE1773D-8767-45F8-BF1E-308759180347}.Debug|Any CPU.Build.0 = Debug|Any CPU
		{3CE1773D-8767-45F8-BF1E-308759180347}.Release|Any CPU.ActiveCfg = Release|Any CPU
		{3CE1773D-8767-45F8-BF1E-308759180347}.Release|Any CPU.Build.0 = Release|Any CPU
		{5D0B1DDD-E152-468C-AA79-3F8EF345179B}.Debug|Any CPU.ActiveCfg = Debug|Any CPU
		{5D0B1DDD-E152-468C-AA79-3F8EF345179B}.Debug|Any CPU.Build.0 = Debug|Any CPU
		{5D0B1DDD-E152-468C-AA79-3F8EF345179B}.Release|Any CPU.ActiveCfg = Release|Any CPU
		{5D0B1DDD-E152-468C-AA79-3F8EF345179B}.Release|Any CPU.Build.0 = Release|Any CPU
		{232F5C12-6B0C-4F2F-A313-9D24469540CF}.Debug|Any CPU.ActiveCfg = Debug|Any CPU
		{232F5C12-6B0C-4F2F-A313-9D24469540CF}.Debug|Any CPU.Build.0 = Debug|Any CPU
		{232F5C12-6B0C-4F2F-A313-9D24469540CF}.Release|Any CPU.ActiveCfg = Release|Any CPU
		{232F5C12-6B0C-4F2F-A313-9D24469540CF}.Release|Any CPU.Build.0 = Release|Any CPU
		{99318FCE-7F4E-4C90-9611-DB4B93168D8D}.Debug|Any CPU.ActiveCfg = Debug|Any CPU
		{99318FCE-7F4E-4C90-9611-DB4B93168D8D}.Debug|Any CPU.Build.0 = Debug|Any CPU
		{99318FCE-7F4E-4C90-9611-DB4B93168D8D}.Release|Any CPU.ActiveCfg = Release|Any CPU
		{99318FCE-7F4E-4C90-9611-DB4B93168D8D}.Release|Any CPU.Build.0 = Release|Any CPU
		{1F881B79-5EE4-42AA-8143-E2BF3BFDF4D9}.Debug|Any CPU.ActiveCfg = Debug|Any CPU
		{1F881B79-5EE4-42AA-8143-E2BF3BFDF4D9}.Debug|Any CPU.Build.0 = Debug|Any CPU
		{1F881B79-5EE4-42AA-8143-E2BF3BFDF4D9}.Release|Any CPU.ActiveCfg = Release|Any CPU
		{1F881B79-5EE4-42AA-8143-E2BF3BFDF4D9}.Release|Any CPU.Build.0 = Release|Any CPU
		{02248FC2-E362-4178-8946-AFD83DEA0F8F}.Debug|Any CPU.ActiveCfg = Debug|Any CPU
		{02248FC2-E362-4178-8946-AFD83DEA0F8F}.Debug|Any CPU.Build.0 = Debug|Any CPU
		{02248FC2-E362-4178-8946-AFD83DEA0F8F}.Release|Any CPU.ActiveCfg = Release|Any CPU
		{02248FC2-E362-4178-8946-AFD83DEA0F8F}.Release|Any CPU.Build.0 = Release|Any CPU
		{B760143D-99A6-41D6-B526-337AB1F5929C}.Debug|Any CPU.ActiveCfg = Debug|Any CPU
		{B760143D-99A6-41D6-B526-337AB1F5929C}.Debug|Any CPU.Build.0 = Debug|Any CPU
		{B760143D-99A6-41D6-B526-337AB1F5929C}.Release|Any CPU.ActiveCfg = Release|Any CPU
		{B760143D-99A6-41D6-B526-337AB1F5929C}.Release|Any CPU.Build.0 = Release|Any CPU
		{B9B39C48-CE7D-4E61-9C71-3A4428375EA5}.Debug|Any CPU.ActiveCfg = Debug|Any CPU
		{B9B39C48-CE7D-4E61-9C71-3A4428375EA5}.Debug|Any CPU.Build.0 = Debug|Any CPU
		{B9B39C48-CE7D-4E61-9C71-3A4428375EA5}.Release|Any CPU.ActiveCfg = Release|Any CPU
		{B9B39C48-CE7D-4E61-9C71-3A4428375EA5}.Release|Any CPU.Build.0 = Release|Any CPU
		{59934E30-B6A4-40AF-82BE-C91954B19D16}.Debug|Any CPU.ActiveCfg = Debug|Any CPU
		{59934E30-B6A4-40AF-82BE-C91954B19D16}.Debug|Any CPU.Build.0 = Debug|Any CPU
		{59934E30-B6A4-40AF-82BE-C91954B19D16}.Release|Any CPU.ActiveCfg = Release|Any CPU
		{59934E30-B6A4-40AF-82BE-C91954B19D16}.Release|Any CPU.Build.0 = Release|Any CPU
		{EC294F27-5722-4728-B122-B02B3D732DCC}.Debug|Any CPU.ActiveCfg = Debug|Any CPU
		{EC294F27-5722-4728-B122-B02B3D732DCC}.Debug|Any CPU.Build.0 = Debug|Any CPU
		{EC294F27-5722-4728-B122-B02B3D732DCC}.Release|Any CPU.ActiveCfg = Release|Any CPU
		{EC294F27-5722-4728-B122-B02B3D732DCC}.Release|Any CPU.Build.0 = Release|Any CPU
		{64D8AA54-ECE4-4D25-94C7-7AB145E3DA39}.Debug|Any CPU.ActiveCfg = Debug|Any CPU
		{64D8AA54-ECE4-4D25-94C7-7AB145E3DA39}.Debug|Any CPU.Build.0 = Debug|Any CPU
		{64D8AA54-ECE4-4D25-94C7-7AB145E3DA39}.Release|Any CPU.ActiveCfg = Release|Any CPU
		{64D8AA54-ECE4-4D25-94C7-7AB145E3DA39}.Release|Any CPU.Build.0 = Release|Any CPU
		{F6A6D1F0-2252-4F9E-A6DF-98CCA73E5466}.Debug|Any CPU.ActiveCfg = Debug|Any CPU
		{F6A6D1F0-2252-4F9E-A6DF-98CCA73E5466}.Debug|Any CPU.Build.0 = Debug|Any CPU
		{F6A6D1F0-2252-4F9E-A6DF-98CCA73E5466}.Release|Any CPU.ActiveCfg = Release|Any CPU
		{F6A6D1F0-2252-4F9E-A6DF-98CCA73E5466}.Release|Any CPU.Build.0 = Release|Any CPU
		{488387C5-F33C-4999-819E-969427B8500C}.Debug|Any CPU.ActiveCfg = Debug|Any CPU
		{488387C5-F33C-4999-819E-969427B8500C}.Debug|Any CPU.Build.0 = Debug|Any CPU
		{488387C5-F33C-4999-819E-969427B8500C}.Release|Any CPU.ActiveCfg = Release|Any CPU
		{488387C5-F33C-4999-819E-969427B8500C}.Release|Any CPU.Build.0 = Release|Any CPU
		{40CFC658-32D6-469D-AE0B-95A605958122}.Debug|Any CPU.ActiveCfg = Debug|Any CPU
		{40CFC658-32D6-469D-AE0B-95A605958122}.Debug|Any CPU.Build.0 = Debug|Any CPU
		{40CFC658-32D6-469D-AE0B-95A605958122}.Release|Any CPU.ActiveCfg = Release|Any CPU
		{40CFC658-32D6-469D-AE0B-95A605958122}.Release|Any CPU.Build.0 = Release|Any CPU
		{5136CC88-5043-46E7-946A-92337F74C450}.Debug|Any CPU.ActiveCfg = Debug|Any CPU
		{5136CC88-5043-46E7-946A-92337F74C450}.Debug|Any CPU.Build.0 = Debug|Any CPU
		{5136CC88-5043-46E7-946A-92337F74C450}.Release|Any CPU.ActiveCfg = Release|Any CPU
		{5136CC88-5043-46E7-946A-92337F74C450}.Release|Any CPU.Build.0 = Release|Any CPU
		{1493FB3E-966F-45D4-BD23-1537DE7E2114}.Debug|Any CPU.ActiveCfg = Debug|Any CPU
		{1493FB3E-966F-45D4-BD23-1537DE7E2114}.Debug|Any CPU.Build.0 = Debug|Any CPU
		{1493FB3E-966F-45D4-BD23-1537DE7E2114}.Release|Any CPU.ActiveCfg = Release|Any CPU
		{1493FB3E-966F-45D4-BD23-1537DE7E2114}.Release|Any CPU.Build.0 = Release|Any CPU
		{D6BF0E86-323E-45A9-8EDD-C37A13FC580B}.Debug|Any CPU.ActiveCfg = Debug|Any CPU
		{D6BF0E86-323E-45A9-8EDD-C37A13FC580B}.Debug|Any CPU.Build.0 = Debug|Any CPU
		{D6BF0E86-323E-45A9-8EDD-C37A13FC580B}.Release|Any CPU.ActiveCfg = Release|Any CPU
		{D6BF0E86-323E-45A9-8EDD-C37A13FC580B}.Release|Any CPU.Build.0 = Release|Any CPU
		{6A3908F9-1883-480B-A358-450BB65DDB95}.Debug|Any CPU.ActiveCfg = Debug|Any CPU
		{6A3908F9-1883-480B-A358-450BB65DDB95}.Debug|Any CPU.Build.0 = Debug|Any CPU
		{6A3908F9-1883-480B-A358-450BB65DDB95}.Release|Any CPU.ActiveCfg = Release|Any CPU
		{6A3908F9-1883-480B-A358-450BB65DDB95}.Release|Any CPU.Build.0 = Release|Any CPU
		{F1B0EF43-BCBF-4C91-93AD-D13E8BB8D77D}.Debug|Any CPU.ActiveCfg = Debug|Any CPU
		{F1B0EF43-BCBF-4C91-93AD-D13E8BB8D77D}.Debug|Any CPU.Build.0 = Debug|Any CPU
		{F1B0EF43-BCBF-4C91-93AD-D13E8BB8D77D}.Release|Any CPU.ActiveCfg = Release|Any CPU
		{F1B0EF43-BCBF-4C91-93AD-D13E8BB8D77D}.Release|Any CPU.Build.0 = Release|Any CPU
		{12E60B34-8268-46A5-AEFC-B55D57494AAF}.Debug|Any CPU.ActiveCfg = Debug|Any CPU
		{12E60B34-8268-46A5-AEFC-B55D57494AAF}.Debug|Any CPU.Build.0 = Debug|Any CPU
		{12E60B34-8268-46A5-AEFC-B55D57494AAF}.Release|Any CPU.ActiveCfg = Release|Any CPU
		{12E60B34-8268-46A5-AEFC-B55D57494AAF}.Release|Any CPU.Build.0 = Release|Any CPU
		{FE4C642B-7265-43D1-8B50-69F68B6DF62D}.Debug|Any CPU.ActiveCfg = Debug|Any CPU
		{FE4C642B-7265-43D1-8B50-69F68B6DF62D}.Debug|Any CPU.Build.0 = Debug|Any CPU
		{FE4C642B-7265-43D1-8B50-69F68B6DF62D}.Release|Any CPU.ActiveCfg = Release|Any CPU
		{FE4C642B-7265-43D1-8B50-69F68B6DF62D}.Release|Any CPU.Build.0 = Release|Any CPU
		{7D2DB032-0310-4136-B300-6AB7C75DD652}.Debug|Any CPU.ActiveCfg = Debug|Any CPU
		{7D2DB032-0310-4136-B300-6AB7C75DD652}.Debug|Any CPU.Build.0 = Debug|Any CPU
		{7D2DB032-0310-4136-B300-6AB7C75DD652}.Release|Any CPU.ActiveCfg = Release|Any CPU
		{7D2DB032-0310-4136-B300-6AB7C75DD652}.Release|Any CPU.Build.0 = Release|Any CPU
		{4B7A3896-24FF-4CF6-BEF4-27F2EE80EB60}.Debug|Any CPU.ActiveCfg = Debug|Any CPU
		{4B7A3896-24FF-4CF6-BEF4-27F2EE80EB60}.Debug|Any CPU.Build.0 = Debug|Any CPU
		{4B7A3896-24FF-4CF6-BEF4-27F2EE80EB60}.Release|Any CPU.ActiveCfg = Release|Any CPU
		{4B7A3896-24FF-4CF6-BEF4-27F2EE80EB60}.Release|Any CPU.Build.0 = Release|Any CPU
		{1B400796-8EAE-4F83-B2B7-A9D8FB301658}.Debug|Any CPU.ActiveCfg = Debug|Any CPU
		{1B400796-8EAE-4F83-B2B7-A9D8FB301658}.Debug|Any CPU.Build.0 = Debug|Any CPU
		{1B400796-8EAE-4F83-B2B7-A9D8FB301658}.Release|Any CPU.ActiveCfg = Release|Any CPU
		{1B400796-8EAE-4F83-B2B7-A9D8FB301658}.Release|Any CPU.Build.0 = Release|Any CPU
		{94106B2D-0450-48E9-90DC-5F5D566F6DF7}.Debug|Any CPU.ActiveCfg = Debug|Any CPU
		{94106B2D-0450-48E9-90DC-5F5D566F6DF7}.Debug|Any CPU.Build.0 = Debug|Any CPU
		{94106B2D-0450-48E9-90DC-5F5D566F6DF7}.Release|Any CPU.ActiveCfg = Release|Any CPU
		{94106B2D-0450-48E9-90DC-5F5D566F6DF7}.Release|Any CPU.Build.0 = Release|Any CPU
		{1982B362-F178-4897-A99C-A8FA17C0CBF1}.Debug|Any CPU.ActiveCfg = Debug|Any CPU
		{1982B362-F178-4897-A99C-A8FA17C0CBF1}.Debug|Any CPU.Build.0 = Debug|Any CPU
		{1982B362-F178-4897-A99C-A8FA17C0CBF1}.Release|Any CPU.ActiveCfg = Release|Any CPU
		{1982B362-F178-4897-A99C-A8FA17C0CBF1}.Release|Any CPU.Build.0 = Release|Any CPU
		{9C637CD4-9AE8-4845-916F-CF2927DE1C62}.Debug|Any CPU.ActiveCfg = Debug|Any CPU
		{9C637CD4-9AE8-4845-916F-CF2927DE1C62}.Debug|Any CPU.Build.0 = Debug|Any CPU
		{9C637CD4-9AE8-4845-916F-CF2927DE1C62}.Release|Any CPU.ActiveCfg = Release|Any CPU
		{9C637CD4-9AE8-4845-916F-CF2927DE1C62}.Release|Any CPU.Build.0 = Release|Any CPU
		{C60456AE-B049-46D0-9076-C50DFEC8CFD1}.Debug|Any CPU.ActiveCfg = Debug|Any CPU
		{C60456AE-B049-46D0-9076-C50DFEC8CFD1}.Debug|Any CPU.Build.0 = Debug|Any CPU
		{C60456AE-B049-46D0-9076-C50DFEC8CFD1}.Release|Any CPU.ActiveCfg = Release|Any CPU
		{C60456AE-B049-46D0-9076-C50DFEC8CFD1}.Release|Any CPU.Build.0 = Release|Any CPU
		{5E86ED3D-16BF-4F75-B917-DC7070E9E211}.Debug|Any CPU.ActiveCfg = Debug|Any CPU
		{5E86ED3D-16BF-4F75-B917-DC7070E9E211}.Debug|Any CPU.Build.0 = Debug|Any CPU
		{5E86ED3D-16BF-4F75-B917-DC7070E9E211}.Release|Any CPU.ActiveCfg = Release|Any CPU
		{5E86ED3D-16BF-4F75-B917-DC7070E9E211}.Release|Any CPU.Build.0 = Release|Any CPU
		{65CE9FE3-00D6-4E6C-8D3E-31E5EEC7C2B8}.Debug|Any CPU.ActiveCfg = Debug|Any CPU
		{65CE9FE3-00D6-4E6C-8D3E-31E5EEC7C2B8}.Debug|Any CPU.Build.0 = Debug|Any CPU
		{65CE9FE3-00D6-4E6C-8D3E-31E5EEC7C2B8}.Release|Any CPU.ActiveCfg = Release|Any CPU
		{65CE9FE3-00D6-4E6C-8D3E-31E5EEC7C2B8}.Release|Any CPU.Build.0 = Release|Any CPU
	EndGlobalSection
	GlobalSection(SolutionProperties) = preSolution
		HideSolutionNode = FALSE
	EndGlobalSection
	GlobalSection(NestedProjects) = preSolution
		{F05524D0-7306-48CD-A11A-4965EE64EC43} = {8A1210CD-A098-44FA-9B2F-95537024E421}
		{74AA77D2-5A81-490B-A160-C058B375524A} = {BF5BE208-7B53-484F-857B-F8F17289D5C8}
		{B503FF64-E103-4AC1-8039-5012570C8770} = {BF5BE208-7B53-484F-857B-F8F17289D5C8}
		{3CE1773D-8767-45F8-BF1E-308759180347} = {BF5BE208-7B53-484F-857B-F8F17289D5C8}
		{5D0B1DDD-E152-468C-AA79-3F8EF345179B} = {BF5BE208-7B53-484F-857B-F8F17289D5C8}
		{232F5C12-6B0C-4F2F-A313-9D24469540CF} = {BF5BE208-7B53-484F-857B-F8F17289D5C8}
		{99318FCE-7F4E-4C90-9611-DB4B93168D8D} = {BF5BE208-7B53-484F-857B-F8F17289D5C8}
		{1F881B79-5EE4-42AA-8143-E2BF3BFDF4D9} = {BF5BE208-7B53-484F-857B-F8F17289D5C8}
		{02248FC2-E362-4178-8946-AFD83DEA0F8F} = {BF5BE208-7B53-484F-857B-F8F17289D5C8}
		{B760143D-99A6-41D6-B526-337AB1F5929C} = {0C0BF0F2-EEB7-4084-BF90-1CC74A228AEF}
		{B9B39C48-CE7D-4E61-9C71-3A4428375EA5} = {0C0BF0F2-EEB7-4084-BF90-1CC74A228AEF}
		{59934E30-B6A4-40AF-82BE-C91954B19D16} = {0C0BF0F2-EEB7-4084-BF90-1CC74A228AEF}
		{EC294F27-5722-4728-B122-B02B3D732DCC} = {0C0BF0F2-EEB7-4084-BF90-1CC74A228AEF}
		{64D8AA54-ECE4-4D25-94C7-7AB145E3DA39} = {A8AB3729-DD3E-40CB-83A2-16F809286B04}
		{F6A6D1F0-2252-4F9E-A6DF-98CCA73E5466} = {A8AB3729-DD3E-40CB-83A2-16F809286B04}
		{488387C5-F33C-4999-819E-969427B8500C} = {A8AB3729-DD3E-40CB-83A2-16F809286B04}
		{40CFC658-32D6-469D-AE0B-95A605958122} = {A8AB3729-DD3E-40CB-83A2-16F809286B04}
		{5136CC88-5043-46E7-946A-92337F74C450} = {B3B8DBD3-32A9-4791-8D1C-3FAFBF62A872}
		{1493FB3E-966F-45D4-BD23-1537DE7E2114} = {B3B8DBD3-32A9-4791-8D1C-3FAFBF62A872}
		{D6BF0E86-323E-45A9-8EDD-C37A13FC580B} = {B3B8DBD3-32A9-4791-8D1C-3FAFBF62A872}
		{6A3908F9-1883-480B-A358-450BB65DDB95} = {B3B8DBD3-32A9-4791-8D1C-3FAFBF62A872}
		{EF96B243-C7AF-4471-88CE-3B1137076005} = {8A4F3C88-EDBB-46C4-A52B-B11A603A1F1A}
		{F1B0EF43-BCBF-4C91-93AD-D13E8BB8D77D} = {BF5BE208-7B53-484F-857B-F8F17289D5C8}
		{12E60B34-8268-46A5-AEFC-B55D57494AAF} = {BF5BE208-7B53-484F-857B-F8F17289D5C8}
		{51422C55-D244-487C-B3C1-B7B5BAAEFEE2} = {8A4F3C88-EDBB-46C4-A52B-B11A603A1F1A}
		{DC84FDAE-75F4-4F28-B5CD-506F981A9829} = {8A4F3C88-EDBB-46C4-A52B-B11A603A1F1A}
		{F2B0D33B-00BD-4196-841B-C36741518AA4} = {8A4F3C88-EDBB-46C4-A52B-B11A603A1F1A}
		{63301A1B-FFC6-4DF7-9D6B-0CC5A5E0E035} = {8A4F3C88-EDBB-46C4-A52B-B11A603A1F1A}
		{FC2376CD-76A5-4312-9017-9DD27B040E5C} = {8A4F3C88-EDBB-46C4-A52B-B11A603A1F1A}
		{158E0857-D6CF-445A-988A-9F549509664C} = {8A4F3C88-EDBB-46C4-A52B-B11A603A1F1A}
		{FE4C642B-7265-43D1-8B50-69F68B6DF62D} = {3DF6D0FD-434E-4712-8F3E-408855DFD956}
		{7D2DB032-0310-4136-B300-6AB7C75DD652} = {3DF6D0FD-434E-4712-8F3E-408855DFD956}
		{4B7A3896-24FF-4CF6-BEF4-27F2EE80EB60} = {3DF6D0FD-434E-4712-8F3E-408855DFD956}
		{1B400796-8EAE-4F83-B2B7-A9D8FB301658} = {3DF6D0FD-434E-4712-8F3E-408855DFD956}
		{94106B2D-0450-48E9-90DC-5F5D566F6DF7} = {60B13CA4-2C3D-4881-BFD8-8672F41FDD87}
		{1982B362-F178-4897-A99C-A8FA17C0CBF1} = {60B13CA4-2C3D-4881-BFD8-8672F41FDD87}
		{9C637CD4-9AE8-4845-916F-CF2927DE1C62} = {60B13CA4-2C3D-4881-BFD8-8672F41FDD87}
		{C60456AE-B049-46D0-9076-C50DFEC8CFD1} = {60B13CA4-2C3D-4881-BFD8-8672F41FDD87}
		{5E86ED3D-16BF-4F75-B917-DC7070E9E211} = {B3B8DBD3-32A9-4791-8D1C-3FAFBF62A872}
		{65CE9FE3-00D6-4E6C-8D3E-31E5EEC7C2B8} = {8A1210CD-A098-44FA-9B2F-95537024E421}
		{770E6538-1EBD-4CB5-A85C-491AEAD75138} = {8A4F3C88-EDBB-46C4-A52B-B11A603A1F1A}
	EndGlobalSection
	GlobalSection(ExtensibilityGlobals) = postSolution
		SolutionGuid = {2F529A1D-CBD2-4505-88EC-746854D7FB98}
	EndGlobalSection
EndGlobal
