
Microsoft Visual Studio Solution File, Format Version 12.00
# Visual Studio 15
VisualStudioVersion = 15.0.27130.2024
MinimumVisualStudioVersion = 10.0.40219.1
Project("{FAE04EC0-301F-11D3-BF4B-00C04F79EFBC}") = "App.Host", "App.Host\App.Host.csproj", "{F05524D0-7306-48CD-A11A-4965EE64EC43}"
EndProject
Project("{FAE04EC0-301F-11D3-BF4B-00C04F79EFBC}") = "App.Host.Tests", "App.Host.Tests\App.Host.Tests.csproj", "{AF63F5D1-9064-41AC-A20E-86C4CE64744A}"
EndProject
Project("{FAE04EC0-301F-11D3-BF4B-00C04F79EFBC}") = "App.Core.Shared", "App.Core.Shared\App.Core.Shared.csproj", "{74AA77D2-5A81-490B-A160-C058B375524A}"
EndProject
Project("{FAE04EC0-301F-11D3-BF4B-00C04F79EFBC}") = "App.Core.Infrastructure", "App.Core.Infrastructure\App.Core.Infrastructure.csproj", "{B503FF64-E103-4AC1-8039-5012570C8770}"
EndProject
Project("{FAE04EC0-301F-11D3-BF4B-00C04F79EFBC}") = "App.Core.Domain", "App.Core.Domain\App.Core.Domain.csproj", "{3CE1773D-8767-45F8-BF1E-308759180347}"
EndProject
Project("{FAE04EC0-301F-11D3-BF4B-00C04F79EFBC}") = "App.Core.Shared.Tests", "App.Core.Shared.Tests\App.Core.Shared.Tests.csproj", "{5D0B1DDD-E152-468C-AA79-3F8EF345179B}"
EndProject
Project("{FAE04EC0-301F-11D3-BF4B-00C04F79EFBC}") = "App.Core.Infrastructure.Tests", "App.Core.Infrastructure.Tests\App.Core.Infrastructure.Tests.csproj", "{232F5C12-6B0C-4F2F-A313-9D24469540CF}"
EndProject
Project("{FAE04EC0-301F-11D3-BF4B-00C04F79EFBC}") = "App.Core.Domain.Tests", "App.Core.Domain.Tests\App.Core.Domain.Tests.csproj", "{99318FCE-7F4E-4C90-9611-DB4B93168D8D}"
EndProject
Project("{2150E333-8FDC-42A3-9474-1A3956D46DE8}") = "README", "README", "{8A4F3C88-EDBB-46C4-A52B-B11A603A1F1A}"
	ProjectSection(SolutionItems) = preProject
		Readme\readme.apis.md = Readme\readme.apis.md
		Readme\readme.blank - Copy (6).md = Readme\readme.blank - Copy (6).md
		Readme\readme.blank.storage.md = Readme\readme.blank.storage.md
		Readme\readme.conventions.md = Readme\readme.conventions.md
		readme.md = readme.md
		Readme\readme.objectives.md = Readme\readme.objectives.md
		Readme\readme.security.md = Readme\readme.security.md
		Readme\readme.settings.md = Readme\readme.settings.md
		Readme\readme.setup.azure.md = Readme\readme.setup.azure.md
		Readme\readme.setup.md = Readme\readme.setup.md
		Readme\readme.setup.msi.md = Readme\readme.setup.msi.md
		Readme\readme.setup.oidc.md = Readme\readme.setup.oidc.md
		Readme\readme.versioning.md = Readme\readme.versioning.md
	EndProjectSection
EndProject
Project("{FAE04EC0-301F-11D3-BF4B-00C04F79EFBC}") = "App.Core.Infrastructure.IDA", "App.Core.Infrastructure.OIDC\App.Core.Infrastructure.IDA.csproj", "{1F881B79-5EE4-42AA-8143-E2BF3BFDF4D9}"
EndProject
Project("{2150E333-8FDC-42A3-9474-1A3956D46DE8}") = "Module0.Core", "Module0.Core", "{BF5BE208-7B53-484F-857B-F8F17289D5C8}"
EndProject
Project("{FAE04EC0-301F-11D3-BF4B-00C04F79EFBC}") = "App.Core.Infrastructure.IDA.Tests", "App.Core.Infrastructure.OIDC.Tests\App.Core.Infrastructure.IDA.Tests.csproj", "{02248FC2-E362-4178-8946-AFD83DEA0F8F}"
EndProject
Project("{2150E333-8FDC-42A3-9474-1A3956D46DE8}") = "Module1", "Module1", "{0C0BF0F2-EEB7-4084-BF90-1CC74A228AEF}"
EndProject
Project("{2150E333-8FDC-42A3-9474-1A3956D46DE8}") = "Module2", "Module2", "{A8AB3729-DD3E-40CB-83A2-16F809286B04}"
EndProject
Project("{FAE04EC0-301F-11D3-BF4B-00C04F79EFBC}") = "App.Module1.Shared", "App.Module1.Shared\App.Module1.Shared.csproj", "{B760143D-99A6-41D6-B526-337AB1F5929C}"
EndProject
Project("{FAE04EC0-301F-11D3-BF4B-00C04F79EFBC}") = "App.Module1.Infrastructure", "App.Module1.Infrastructure\App.Module1.Infrastructure.csproj", "{B9B39C48-CE7D-4E61-9C71-3A4428375EA5}"
EndProject
Project("{FAE04EC0-301F-11D3-BF4B-00C04F79EFBC}") = "App.Module1.Domain", "App.Module1.Domain\App.Module1.Domain.csproj", "{59934E30-B6A4-40AF-82BE-C91954B19D16}"
EndProject
Project("{FAE04EC0-301F-11D3-BF4B-00C04F79EFBC}") = "App.Module1.Application", "App.Module1.Application\App.Module1.Application.csproj", "{EC294F27-5722-4728-B122-B02B3D732DCC}"
EndProject
Project("{FAE04EC0-301F-11D3-BF4B-00C04F79EFBC}") = "App.Module2.Shared", "App.Module2.Shared\App.Module2.Shared.csproj", "{64D8AA54-ECE4-4D25-94C7-7AB145E3DA39}"
EndProject
Project("{FAE04EC0-301F-11D3-BF4B-00C04F79EFBC}") = "App.Module2.Domain", "App.Module2.Domain\App.Module2.Domain.csproj", "{F6A6D1F0-2252-4F9E-A6DF-98CCA73E5466}"
EndProject
Project("{FAE04EC0-301F-11D3-BF4B-00C04F79EFBC}") = "App.Module2.Infrastructure", "App.Module2.Infrastructure\App.Module2.Infrastructure.csproj", "{488387C5-F33C-4999-819E-969427B8500C}"
EndProject
Project("{FAE04EC0-301F-11D3-BF4B-00C04F79EFBC}") = "App.Module2.Application", "App.Module2.Application\App.Module2.Application.csproj", "{40CFC658-32D6-469D-AE0B-95A605958122}"
EndProject
Project("{2150E333-8FDC-42A3-9474-1A3956D46DE8}") = "Module3", "Module3", "{B3B8DBD3-32A9-4791-8D1C-3FAFBF62A872}"
EndProject
Project("{FAE04EC0-301F-11D3-BF4B-00C04F79EFBC}") = "App.Module3.Shared", "App.Module3.Shared\App.Module3.Shared.csproj", "{5136CC88-5043-46E7-946A-92337F74C450}"
EndProject
Project("{FAE04EC0-301F-11D3-BF4B-00C04F79EFBC}") = "App.Module3.Infrastructure", "App.Module3.Infrastructure\App.Module3.Infrastructure.csproj", "{1493FB3E-966F-45D4-BD23-1537DE7E2114}"
EndProject
Project("{FAE04EC0-301F-11D3-BF4B-00C04F79EFBC}") = "App.Module3.Domain", "App.Module3.Domain\App.Module3.Domain.csproj", "{D6BF0E86-323E-45A9-8EDD-C37A13FC580B}"
EndProject
Project("{FAE04EC0-301F-11D3-BF4B-00C04F79EFBC}") = "App.Module3.Application", "App.Module3.Application\App.Module3.Application.csproj", "{6A3908F9-1883-480B-A358-450BB65DDB95}"
EndProject
Project("{2150E333-8FDC-42A3-9474-1A3956D46DE8}") = "Blanks", "Blanks", "{EF96B243-C7AF-4471-88CE-3B1137076005}"
	ProjectSection(SolutionItems) = preProject
		Readme\readme.blank - Copy (3).md = Readme\readme.blank - Copy (3).md
		Readme\readme.blank - Copy (4).md = Readme\readme.blank - Copy (4).md
		Readme\readme.blank - Copy (6).md = Readme\readme.blank - Copy (6).md
		Readme\readme.blank - Copy.md = Readme\readme.blank - Copy.md
		Readme\readme.blank.md = Readme\readme.blank.md
	EndProjectSection
EndProject
Project("{2150E333-8FDC-42A3-9474-1A3956D46DE8}") = "Host", "Host", "{8A1210CD-A098-44FA-9B2F-95537024E421}"
EndProject
Global
	GlobalSection(SolutionConfigurationPlatforms) = preSolution
		Debug|Any CPU = Debug|Any CPU
		Release|Any CPU = Release|Any CPU
	EndGlobalSection
	GlobalSection(ProjectConfigurationPlatforms) = postSolution
		{F05524D0-7306-48CD-A11A-4965EE64EC43}.Debug|Any CPU.ActiveCfg = Debug|Any CPU
		{F05524D0-7306-48CD-A11A-4965EE64EC43}.Debug|Any CPU.Build.0 = Debug|Any CPU
		{F05524D0-7306-48CD-A11A-4965EE64EC43}.Release|Any CPU.ActiveCfg = Release|Any CPU
		{F05524D0-7306-48CD-A11A-4965EE64EC43}.Release|Any CPU.Build.0 = Release|Any CPU
		{AF63F5D1-9064-41AC-A20E-86C4CE64744A}.Debug|Any CPU.ActiveCfg = Debug|Any CPU
		{AF63F5D1-9064-41AC-A20E-86C4CE64744A}.Debug|Any CPU.Build.0 = Debug|Any CPU
		{AF63F5D1-9064-41AC-A20E-86C4CE64744A}.Release|Any CPU.ActiveCfg = Release|Any CPU
		{AF63F5D1-9064-41AC-A20E-86C4CE64744A}.Release|Any CPU.Build.0 = Release|Any CPU
		{74AA77D2-5A81-490B-A160-C058B375524A}.Debug|Any CPU.ActiveCfg = Debug|Any CPU
		{74AA77D2-5A81-490B-A160-C058B375524A}.Debug|Any CPU.Build.0 = Debug|Any CPU
		{74AA77D2-5A81-490B-A160-C058B375524A}.Release|Any CPU.ActiveCfg = Release|Any CPU
		{74AA77D2-5A81-490B-A160-C058B375524A}.Release|Any CPU.Build.0 = Release|Any CPU
		{B503FF64-E103-4AC1-8039-5012570C8770}.Debug|Any CPU.ActiveCfg = Debug|Any CPU
		{B503FF64-E103-4AC1-8039-5012570C8770}.Debug|Any CPU.Build.0 = Debug|Any CPU
		{B503FF64-E103-4AC1-8039-5012570C8770}.Release|Any CPU.ActiveCfg = Release|Any CPU
		{B503FF64-E103-4AC1-8039-5012570C8770}.Release|Any CPU.Build.0 = Release|Any CPU
		{3CE1773D-8767-45F8-BF1E-308759180347}.Debug|Any CPU.ActiveCfg = Debug|Any CPU
		{3CE1773D-8767-45F8-BF1E-308759180347}.Debug|Any CPU.Build.0 = Debug|Any CPU
		{3CE1773D-8767-45F8-BF1E-308759180347}.Release|Any CPU.ActiveCfg = Release|Any CPU
		{3CE1773D-8767-45F8-BF1E-308759180347}.Release|Any CPU.Build.0 = Release|Any CPU
		{5D0B1DDD-E152-468C-AA79-3F8EF345179B}.Debug|Any CPU.ActiveCfg = Debug|Any CPU
		{5D0B1DDD-E152-468C-AA79-3F8EF345179B}.Debug|Any CPU.Build.0 = Debug|Any CPU
		{5D0B1DDD-E152-468C-AA79-3F8EF345179B}.Release|Any CPU.ActiveCfg = Release|Any CPU
		{5D0B1DDD-E152-468C-AA79-3F8EF345179B}.Release|Any CPU.Build.0 = Release|Any CPU
		{232F5C12-6B0C-4F2F-A313-9D24469540CF}.Debug|Any CPU.ActiveCfg = Debug|Any CPU
		{232F5C12-6B0C-4F2F-A313-9D24469540CF}.Debug|Any CPU.Build.0 = Debug|Any CPU
		{232F5C12-6B0C-4F2F-A313-9D24469540CF}.Release|Any CPU.ActiveCfg = Release|Any CPU
		{232F5C12-6B0C-4F2F-A313-9D24469540CF}.Release|Any CPU.Build.0 = Release|Any CPU
		{99318FCE-7F4E-4C90-9611-DB4B93168D8D}.Debug|Any CPU.ActiveCfg = Debug|Any CPU
		{99318FCE-7F4E-4C90-9611-DB4B93168D8D}.Debug|Any CPU.Build.0 = Debug|Any CPU
		{99318FCE-7F4E-4C90-9611-DB4B93168D8D}.Release|Any CPU.ActiveCfg = Release|Any CPU
		{99318FCE-7F4E-4C90-9611-DB4B93168D8D}.Release|Any CPU.Build.0 = Release|Any CPU
		{1F881B79-5EE4-42AA-8143-E2BF3BFDF4D9}.Debug|Any CPU.ActiveCfg = Debug|Any CPU
		{1F881B79-5EE4-42AA-8143-E2BF3BFDF4D9}.Debug|Any CPU.Build.0 = Debug|Any CPU
		{1F881B79-5EE4-42AA-8143-E2BF3BFDF4D9}.Release|Any CPU.ActiveCfg = Release|Any CPU
		{1F881B79-5EE4-42AA-8143-E2BF3BFDF4D9}.Release|Any CPU.Build.0 = Release|Any CPU
		{02248FC2-E362-4178-8946-AFD83DEA0F8F}.Debug|Any CPU.ActiveCfg = Debug|Any CPU
		{02248FC2-E362-4178-8946-AFD83DEA0F8F}.Debug|Any CPU.Build.0 = Debug|Any CPU
		{02248FC2-E362-4178-8946-AFD83DEA0F8F}.Release|Any CPU.ActiveCfg = Release|Any CPU
		{02248FC2-E362-4178-8946-AFD83DEA0F8F}.Release|Any CPU.Build.0 = Release|Any CPU
		{B760143D-99A6-41D6-B526-337AB1F5929C}.Debug|Any CPU.ActiveCfg = Debug|Any CPU
		{B760143D-99A6-41D6-B526-337AB1F5929C}.Debug|Any CPU.Build.0 = Debug|Any CPU
		{B760143D-99A6-41D6-B526-337AB1F5929C}.Release|Any CPU.ActiveCfg = Release|Any CPU
		{B760143D-99A6-41D6-B526-337AB1F5929C}.Release|Any CPU.Build.0 = Release|Any CPU
		{B9B39C48-CE7D-4E61-9C71-3A4428375EA5}.Debug|Any CPU.ActiveCfg = Debug|Any CPU
		{B9B39C48-CE7D-4E61-9C71-3A4428375EA5}.Debug|Any CPU.Build.0 = Debug|Any CPU
		{B9B39C48-CE7D-4E61-9C71-3A4428375EA5}.Release|Any CPU.ActiveCfg = Release|Any CPU
		{B9B39C48-CE7D-4E61-9C71-3A4428375EA5}.Release|Any CPU.Build.0 = Release|Any CPU
		{59934E30-B6A4-40AF-82BE-C91954B19D16}.Debug|Any CPU.ActiveCfg = Debug|Any CPU
		{59934E30-B6A4-40AF-82BE-C91954B19D16}.Debug|Any CPU.Build.0 = Debug|Any CPU
		{59934E30-B6A4-40AF-82BE-C91954B19D16}.Release|Any CPU.ActiveCfg = Release|Any CPU
		{59934E30-B6A4-40AF-82BE-C91954B19D16}.Release|Any CPU.Build.0 = Release|Any CPU
		{EC294F27-5722-4728-B122-B02B3D732DCC}.Debug|Any CPU.ActiveCfg = Debug|Any CPU
		{EC294F27-5722-4728-B122-B02B3D732DCC}.Debug|Any CPU.Build.0 = Debug|Any CPU
		{EC294F27-5722-4728-B122-B02B3D732DCC}.Release|Any CPU.ActiveCfg = Release|Any CPU
		{EC294F27-5722-4728-B122-B02B3D732DCC}.Release|Any CPU.Build.0 = Release|Any CPU
		{64D8AA54-ECE4-4D25-94C7-7AB145E3DA39}.Debug|Any CPU.ActiveCfg = Debug|Any CPU
		{64D8AA54-ECE4-4D25-94C7-7AB145E3DA39}.Debug|Any CPU.Build.0 = Debug|Any CPU
		{64D8AA54-ECE4-4D25-94C7-7AB145E3DA39}.Release|Any CPU.ActiveCfg = Release|Any CPU
		{64D8AA54-ECE4-4D25-94C7-7AB145E3DA39}.Release|Any CPU.Build.0 = Release|Any CPU
		{F6A6D1F0-2252-4F9E-A6DF-98CCA73E5466}.Debug|Any CPU.ActiveCfg = Debug|Any CPU
		{F6A6D1F0-2252-4F9E-A6DF-98CCA73E5466}.Debug|Any CPU.Build.0 = Debug|Any CPU
		{F6A6D1F0-2252-4F9E-A6DF-98CCA73E5466}.Release|Any CPU.ActiveCfg = Release|Any CPU
		{F6A6D1F0-2252-4F9E-A6DF-98CCA73E5466}.Release|Any CPU.Build.0 = Release|Any CPU
		{488387C5-F33C-4999-819E-969427B8500C}.Debug|Any CPU.ActiveCfg = Debug|Any CPU
		{488387C5-F33C-4999-819E-969427B8500C}.Debug|Any CPU.Build.0 = Debug|Any CPU
		{488387C5-F33C-4999-819E-969427B8500C}.Release|Any CPU.ActiveCfg = Release|Any CPU
		{488387C5-F33C-4999-819E-969427B8500C}.Release|Any CPU.Build.0 = Release|Any CPU
		{40CFC658-32D6-469D-AE0B-95A605958122}.Debug|Any CPU.ActiveCfg = Debug|Any CPU
		{40CFC658-32D6-469D-AE0B-95A605958122}.Debug|Any CPU.Build.0 = Debug|Any CPU
		{40CFC658-32D6-469D-AE0B-95A605958122}.Release|Any CPU.ActiveCfg = Release|Any CPU
		{40CFC658-32D6-469D-AE0B-95A605958122}.Release|Any CPU.Build.0 = Release|Any CPU
		{5136CC88-5043-46E7-946A-92337F74C450}.Debug|Any CPU.ActiveCfg = Debug|Any CPU
		{5136CC88-5043-46E7-946A-92337F74C450}.Debug|Any CPU.Build.0 = Debug|Any CPU
		{5136CC88-5043-46E7-946A-92337F74C450}.Release|Any CPU.ActiveCfg = Release|Any CPU
		{5136CC88-5043-46E7-946A-92337F74C450}.Release|Any CPU.Build.0 = Release|Any CPU
		{1493FB3E-966F-45D4-BD23-1537DE7E2114}.Debug|Any CPU.ActiveCfg = Debug|Any CPU
		{1493FB3E-966F-45D4-BD23-1537DE7E2114}.Debug|Any CPU.Build.0 = Debug|Any CPU
		{1493FB3E-966F-45D4-BD23-1537DE7E2114}.Release|Any CPU.ActiveCfg = Release|Any CPU
		{1493FB3E-966F-45D4-BD23-1537DE7E2114}.Release|Any CPU.Build.0 = Release|Any CPU
		{D6BF0E86-323E-45A9-8EDD-C37A13FC580B}.Debug|Any CPU.ActiveCfg = Debug|Any CPU
		{D6BF0E86-323E-45A9-8EDD-C37A13FC580B}.Debug|Any CPU.Build.0 = Debug|Any CPU
		{D6BF0E86-323E-45A9-8EDD-C37A13FC580B}.Release|Any CPU.ActiveCfg = Release|Any CPU
		{D6BF0E86-323E-45A9-8EDD-C37A13FC580B}.Release|Any CPU.Build.0 = Release|Any CPU
		{6A3908F9-1883-480B-A358-450BB65DDB95}.Debug|Any CPU.ActiveCfg = Debug|Any CPU
		{6A3908F9-1883-480B-A358-450BB65DDB95}.Debug|Any CPU.Build.0 = Debug|Any CPU
		{6A3908F9-1883-480B-A358-450BB65DDB95}.Release|Any CPU.ActiveCfg = Release|Any CPU
		{6A3908F9-1883-480B-A358-450BB65DDB95}.Release|Any CPU.Build.0 = Release|Any CPU
	EndGlobalSection
	GlobalSection(SolutionProperties) = preSolution
		HideSolutionNode = FALSE
	EndGlobalSection
	GlobalSection(NestedProjects) = preSolution
		{F05524D0-7306-48CD-A11A-4965EE64EC43} = {8A1210CD-A098-44FA-9B2F-95537024E421}
		{AF63F5D1-9064-41AC-A20E-86C4CE64744A} = {8A1210CD-A098-44FA-9B2F-95537024E421}
		{74AA77D2-5A81-490B-A160-C058B375524A} = {BF5BE208-7B53-484F-857B-F8F17289D5C8}
		{B503FF64-E103-4AC1-8039-5012570C8770} = {BF5BE208-7B53-484F-857B-F8F17289D5C8}
		{3CE1773D-8767-45F8-BF1E-308759180347} = {BF5BE208-7B53-484F-857B-F8F17289D5C8}
		{5D0B1DDD-E152-468C-AA79-3F8EF345179B} = {BF5BE208-7B53-484F-857B-F8F17289D5C8}
		{232F5C12-6B0C-4F2F-A313-9D24469540CF} = {BF5BE208-7B53-484F-857B-F8F17289D5C8}
		{99318FCE-7F4E-4C90-9611-DB4B93168D8D} = {BF5BE208-7B53-484F-857B-F8F17289D5C8}
		{1F881B79-5EE4-42AA-8143-E2BF3BFDF4D9} = {BF5BE208-7B53-484F-857B-F8F17289D5C8}
		{02248FC2-E362-4178-8946-AFD83DEA0F8F} = {BF5BE208-7B53-484F-857B-F8F17289D5C8}
		{B760143D-99A6-41D6-B526-337AB1F5929C} = {0C0BF0F2-EEB7-4084-BF90-1CC74A228AEF}
		{B9B39C48-CE7D-4E61-9C71-3A4428375EA5} = {0C0BF0F2-EEB7-4084-BF90-1CC74A228AEF}
		{59934E30-B6A4-40AF-82BE-C91954B19D16} = {0C0BF0F2-EEB7-4084-BF90-1CC74A228AEF}
		{EC294F27-5722-4728-B122-B02B3D732DCC} = {0C0BF0F2-EEB7-4084-BF90-1CC74A228AEF}
		{64D8AA54-ECE4-4D25-94C7-7AB145E3DA39} = {A8AB3729-DD3E-40CB-83A2-16F809286B04}
		{F6A6D1F0-2252-4F9E-A6DF-98CCA73E5466} = {A8AB3729-DD3E-40CB-83A2-16F809286B04}
		{488387C5-F33C-4999-819E-969427B8500C} = {A8AB3729-DD3E-40CB-83A2-16F809286B04}
		{40CFC658-32D6-469D-AE0B-95A605958122} = {A8AB3729-DD3E-40CB-83A2-16F809286B04}
		{5136CC88-5043-46E7-946A-92337F74C450} = {B3B8DBD3-32A9-4791-8D1C-3FAFBF62A872}
		{1493FB3E-966F-45D4-BD23-1537DE7E2114} = {B3B8DBD3-32A9-4791-8D1C-3FAFBF62A872}
		{D6BF0E86-323E-45A9-8EDD-C37A13FC580B} = {B3B8DBD3-32A9-4791-8D1C-3FAFBF62A872}
		{6A3908F9-1883-480B-A358-450BB65DDB95} = {B3B8DBD3-32A9-4791-8D1C-3FAFBF62A872}
		{EF96B243-C7AF-4471-88CE-3B1137076005} = {8A4F3C88-EDBB-46C4-A52B-B11A603A1F1A}
	EndGlobalSection
	GlobalSection(ExtensibilityGlobals) = postSolution
		SolutionGuid = {2F529A1D-CBD2-4505-88EC-746854D7FB98}
	EndGlobalSection
EndGlobal
